// !$*UTF8*$!
{
	archiveVersion = 1;
	classes = {
	};
	objectVersion = 50;
	objects = {

/* Begin PBXBuildFile section */
		0401EAEBCA11FFC2C45BFC77 /* Pods_RCB.framework in Frameworks */ = {isa = PBXBuildFile; fileRef = 45CD407A51B9F71551E6017A /* Pods_RCB.framework */; };
		05373EA0D19B5889F8BE4DA4 /* Pods_RCBTests.framework in Frameworks */ = {isa = PBXBuildFile; fileRef = 8B6ED232D5148DDF09275D9C /* Pods_RCBTests.framework */; };
		210890AA4D0F89F070864C7A /* Pods_RCBUITests.framework in Frameworks */ = {isa = PBXBuildFile; fileRef = 1EBDEE406A879171B93AE60D /* Pods_RCBUITests.framework */; };
		D8044F7920E52815009C861C /* AppDelegate.m in Sources */ = {isa = PBXBuildFile; fileRef = D8044F7820E52815009C861C /* AppDelegate.m */; };
		D8044F8420E52818009C861C /* Assets.xcassets in Resources */ = {isa = PBXBuildFile; fileRef = D8044F8320E52818009C861C /* Assets.xcassets */; };
		D8044F8720E52818009C861C /* LaunchScreen.storyboard in Resources */ = {isa = PBXBuildFile; fileRef = D8044F8520E52818009C861C /* LaunchScreen.storyboard */; };
		D8044F8A20E52818009C861C /* main.m in Sources */ = {isa = PBXBuildFile; fileRef = D8044F8920E52818009C861C /* main.m */; };
		D8044F9420E52818009C861C /* RCBTests.m in Sources */ = {isa = PBXBuildFile; fileRef = D8044F9320E52818009C861C /* RCBTests.m */; };
		D8044F9F20E52818009C861C /* RCBUITests.m in Sources */ = {isa = PBXBuildFile; fileRef = D8044F9E20E52818009C861C /* RCBUITests.m */; };
/* End PBXBuildFile section */

/* Begin PBXContainerItemProxy section */
		D8044F9020E52818009C861C /* PBXContainerItemProxy */ = {
			isa = PBXContainerItemProxy;
			containerPortal = D8044F6C20E52815009C861C /* Project object */;
			proxyType = 1;
			remoteGlobalIDString = D8044F7320E52815009C861C;
			remoteInfo = RCB;
		};
		D8044F9B20E52818009C861C /* PBXContainerItemProxy */ = {
			isa = PBXContainerItemProxy;
			containerPortal = D8044F6C20E52815009C861C /* Project object */;
			proxyType = 1;
			remoteGlobalIDString = D8044F7320E52815009C861C;
			remoteInfo = RCB;
		};
/* End PBXContainerItemProxy section */

/* Begin PBXFileReference section */
		1EBDEE406A879171B93AE60D /* Pods_RCBUITests.framework */ = {isa = PBXFileReference; explicitFileType = wrapper.framework; includeInIndex = 0; path = Pods_RCBUITests.framework; sourceTree = BUILT_PRODUCTS_DIR; };
		386687F897A9730EE45FD055 /* Pods-RCB.release.xcconfig */ = {isa = PBXFileReference; includeInIndex = 1; lastKnownFileType = text.xcconfig; name = "Pods-RCB.release.xcconfig"; path = "Pods/Target Support Files/Pods-RCB/Pods-RCB.release.xcconfig"; sourceTree = "<group>"; };
		45CD407A51B9F71551E6017A /* Pods_RCB.framework */ = {isa = PBXFileReference; explicitFileType = wrapper.framework; includeInIndex = 0; path = Pods_RCB.framework; sourceTree = BUILT_PRODUCTS_DIR; };
		4BF7EC9B95A2CDEB7B2EEDCB /* Pods-RCB.debug.xcconfig */ = {isa = PBXFileReference; includeInIndex = 1; lastKnownFileType = text.xcconfig; name = "Pods-RCB.debug.xcconfig"; path = "Pods/Target Support Files/Pods-RCB/Pods-RCB.debug.xcconfig"; sourceTree = "<group>"; };
		890C1D9BD0C2F5D209C7C55B /* Pods-RCBTests.debug.xcconfig */ = {isa = PBXFileReference; includeInIndex = 1; lastKnownFileType = text.xcconfig; name = "Pods-RCBTests.debug.xcconfig"; path = "Pods/Target Support Files/Pods-RCBTests/Pods-RCBTests.debug.xcconfig"; sourceTree = "<group>"; };
		8B6ED232D5148DDF09275D9C /* Pods_RCBTests.framework */ = {isa = PBXFileReference; explicitFileType = wrapper.framework; includeInIndex = 0; path = Pods_RCBTests.framework; sourceTree = BUILT_PRODUCTS_DIR; };
		8FA659B7425B5F179EFF01AB /* Pods-RCBUITests.release.xcconfig */ = {isa = PBXFileReference; includeInIndex = 1; lastKnownFileType = text.xcconfig; name = "Pods-RCBUITests.release.xcconfig"; path = "Pods/Target Support Files/Pods-RCBUITests/Pods-RCBUITests.release.xcconfig"; sourceTree = "<group>"; };
		B7064C9A9F5AB441567B54CF /* Pods-RCBUITests.debug.xcconfig */ = {isa = PBXFileReference; includeInIndex = 1; lastKnownFileType = text.xcconfig; name = "Pods-RCBUITests.debug.xcconfig"; path = "Pods/Target Support Files/Pods-RCBUITests/Pods-RCBUITests.debug.xcconfig"; sourceTree = "<group>"; };
		D8044F7420E52815009C861C /* RCB.app */ = {isa = PBXFileReference; explicitFileType = wrapper.application; includeInIndex = 0; path = RCB.app; sourceTree = BUILT_PRODUCTS_DIR; };
		D8044F7720E52815009C861C /* AppDelegate.h */ = {isa = PBXFileReference; lastKnownFileType = sourcecode.c.h; path = AppDelegate.h; sourceTree = "<group>"; };
		D8044F7820E52815009C861C /* AppDelegate.m */ = {isa = PBXFileReference; lastKnownFileType = sourcecode.c.objc; path = AppDelegate.m; sourceTree = "<group>"; };
		D8044F8320E52818009C861C /* Assets.xcassets */ = {isa = PBXFileReference; lastKnownFileType = folder.assetcatalog; path = Assets.xcassets; sourceTree = "<group>"; };
		D8044F8620E52818009C861C /* Base */ = {isa = PBXFileReference; lastKnownFileType = file.storyboard; name = Base; path = Base.lproj/LaunchScreen.storyboard; sourceTree = "<group>"; };
		D8044F8820E52818009C861C /* Info.plist */ = {isa = PBXFileReference; lastKnownFileType = text.plist.xml; path = Info.plist; sourceTree = "<group>"; };
		D8044F8920E52818009C861C /* main.m */ = {isa = PBXFileReference; lastKnownFileType = sourcecode.c.objc; path = main.m; sourceTree = "<group>"; };
		D8044F8F20E52818009C861C /* RCBTests.xctest */ = {isa = PBXFileReference; explicitFileType = wrapper.cfbundle; includeInIndex = 0; path = RCBTests.xctest; sourceTree = BUILT_PRODUCTS_DIR; };
		D8044F9320E52818009C861C /* RCBTests.m */ = {isa = PBXFileReference; lastKnownFileType = sourcecode.c.objc; path = RCBTests.m; sourceTree = "<group>"; };
		D8044F9520E52818009C861C /* Info.plist */ = {isa = PBXFileReference; lastKnownFileType = text.plist.xml; path = Info.plist; sourceTree = "<group>"; };
		D8044F9A20E52818009C861C /* RCBUITests.xctest */ = {isa = PBXFileReference; explicitFileType = wrapper.cfbundle; includeInIndex = 0; path = RCBUITests.xctest; sourceTree = BUILT_PRODUCTS_DIR; };
		D8044F9E20E52818009C861C /* RCBUITests.m */ = {isa = PBXFileReference; lastKnownFileType = sourcecode.c.objc; path = RCBUITests.m; sourceTree = "<group>"; };
		D8044FA020E52818009C861C /* Info.plist */ = {isa = PBXFileReference; lastKnownFileType = text.plist.xml; path = Info.plist; sourceTree = "<group>"; };
		DEBA68319607F564F6B52BC5 /* Pods-RCBTests.release.xcconfig */ = {isa = PBXFileReference; includeInIndex = 1; lastKnownFileType = text.xcconfig; name = "Pods-RCBTests.release.xcconfig"; path = "Pods/Target Support Files/Pods-RCBTests/Pods-RCBTests.release.xcconfig"; sourceTree = "<group>"; };
/* End PBXFileReference section */

/* Begin PBXFrameworksBuildPhase section */
		D8044F7120E52815009C861C /* Frameworks */ = {
			isa = PBXFrameworksBuildPhase;
			buildActionMask = 2147483647;
			files = (
				0401EAEBCA11FFC2C45BFC77 /* Pods_RCB.framework in Frameworks */,
			);
			runOnlyForDeploymentPostprocessing = 0;
		};
		D8044F8C20E52818009C861C /* Frameworks */ = {
			isa = PBXFrameworksBuildPhase;
			buildActionMask = 2147483647;
			files = (
				05373EA0D19B5889F8BE4DA4 /* Pods_RCBTests.framework in Frameworks */,
			);
			runOnlyForDeploymentPostprocessing = 0;
		};
		D8044F9720E52818009C861C /* Frameworks */ = {
			isa = PBXFrameworksBuildPhase;
			buildActionMask = 2147483647;
			files = (
				210890AA4D0F89F070864C7A /* Pods_RCBUITests.framework in Frameworks */,
			);
			runOnlyForDeploymentPostprocessing = 0;
		};
/* End PBXFrameworksBuildPhase section */

/* Begin PBXGroup section */
		110DA7B7F59946CA332C6C3D /* Frameworks */ = {
			isa = PBXGroup;
			children = (
				45CD407A51B9F71551E6017A /* Pods_RCB.framework */,
				8B6ED232D5148DDF09275D9C /* Pods_RCBTests.framework */,
				1EBDEE406A879171B93AE60D /* Pods_RCBUITests.framework */,
			);
			name = Frameworks;
			sourceTree = "<group>";
		};
		2F8284021A6C144F14C7CEEF /* Pods */ = {
			isa = PBXGroup;
			children = (
				4BF7EC9B95A2CDEB7B2EEDCB /* Pods-RCB.debug.xcconfig */,
				386687F897A9730EE45FD055 /* Pods-RCB.release.xcconfig */,
				890C1D9BD0C2F5D209C7C55B /* Pods-RCBTests.debug.xcconfig */,
				DEBA68319607F564F6B52BC5 /* Pods-RCBTests.release.xcconfig */,
				B7064C9A9F5AB441567B54CF /* Pods-RCBUITests.debug.xcconfig */,
				8FA659B7425B5F179EFF01AB /* Pods-RCBUITests.release.xcconfig */,
			);
			name = Pods;
			sourceTree = "<group>";
		};
		D8044F6B20E52815009C861C = {
			isa = PBXGroup;
			children = (
				D8044F7620E52815009C861C /* RCB */,
				D8044F9220E52818009C861C /* RCBTests */,
				D8044F9D20E52818009C861C /* RCBUITests */,
				D8044F7520E52815009C861C /* Products */,
				2F8284021A6C144F14C7CEEF /* Pods */,
				110DA7B7F59946CA332C6C3D /* Frameworks */,
			);
			sourceTree = "<group>";
		};
		D8044F7520E52815009C861C /* Products */ = {
			isa = PBXGroup;
			children = (
				D8044F7420E52815009C861C /* RCB.app */,
				D8044F8F20E52818009C861C /* RCBTests.xctest */,
				D8044F9A20E52818009C861C /* RCBUITests.xctest */,
			);
			name = Products;
			sourceTree = "<group>";
		};
		D8044F7620E52815009C861C /* RCB */ = {
			isa = PBXGroup;
			children = (
				D8044F7720E52815009C861C /* AppDelegate.h */,
				D8044F7820E52815009C861C /* AppDelegate.m */,
				D8044F8320E52818009C861C /* Assets.xcassets */,
				D8044F8520E52818009C861C /* LaunchScreen.storyboard */,
				D8044F8820E52818009C861C /* Info.plist */,
				D8044F8920E52818009C861C /* main.m */,
			);
			path = RCB;
			sourceTree = "<group>";
		};
		D8044F9220E52818009C861C /* RCBTests */ = {
			isa = PBXGroup;
			children = (
				D8044F9320E52818009C861C /* RCBTests.m */,
				D8044F9520E52818009C861C /* Info.plist */,
			);
			path = RCBTests;
			sourceTree = "<group>";
		};
		D8044F9D20E52818009C861C /* RCBUITests */ = {
			isa = PBXGroup;
			children = (
				D8044F9E20E52818009C861C /* RCBUITests.m */,
				D8044FA020E52818009C861C /* Info.plist */,
			);
			path = RCBUITests;
			sourceTree = "<group>";
		};
/* End PBXGroup section */

/* Begin PBXNativeTarget section */
		D8044F7320E52815009C861C /* RCB */ = {
			isa = PBXNativeTarget;
			buildConfigurationList = D8044FA320E52818009C861C /* Build configuration list for PBXNativeTarget "RCB" */;
			buildPhases = (
				61FFABC167AB7286247660D7 /* [CP] Check Pods Manifest.lock */,
				D8044F7020E52815009C861C /* Sources */,
				D8044F7120E52815009C861C /* Frameworks */,
				D8044F7220E52815009C861C /* Resources */,
				FA4DECE0CFC37B6B8D1F90FF /* [CP] Embed Pods Frameworks */,
			);
			buildRules = (
			);
			dependencies = (
			);
			name = RCB;
			productName = RCB;
			productReference = D8044F7420E52815009C861C /* RCB.app */;
			productType = "com.apple.product-type.application";
		};
		D8044F8E20E52818009C861C /* RCBTests */ = {
			isa = PBXNativeTarget;
			buildConfigurationList = D8044FA620E52818009C861C /* Build configuration list for PBXNativeTarget "RCBTests" */;
			buildPhases = (
				AF92839FD601D9FE00D3C93D /* [CP] Check Pods Manifest.lock */,
				D8044F8B20E52818009C861C /* Sources */,
				D8044F8C20E52818009C861C /* Frameworks */,
				D8044F8D20E52818009C861C /* Resources */,
			);
			buildRules = (
			);
			dependencies = (
				D8044F9120E52818009C861C /* PBXTargetDependency */,
			);
			name = RCBTests;
			productName = RCBTests;
			productReference = D8044F8F20E52818009C861C /* RCBTests.xctest */;
			productType = "com.apple.product-type.bundle.unit-test";
		};
		D8044F9920E52818009C861C /* RCBUITests */ = {
			isa = PBXNativeTarget;
			buildConfigurationList = D8044FA920E52818009C861C /* Build configuration list for PBXNativeTarget "RCBUITests" */;
			buildPhases = (
				48F934283F9B8B7BDCFF377A /* [CP] Check Pods Manifest.lock */,
				D8044F9620E52818009C861C /* Sources */,
				D8044F9720E52818009C861C /* Frameworks */,
				D8044F9820E52818009C861C /* Resources */,
			);
			buildRules = (
			);
			dependencies = (
				D8044F9C20E52818009C861C /* PBXTargetDependency */,
			);
			name = RCBUITests;
			productName = RCBUITests;
			productReference = D8044F9A20E52818009C861C /* RCBUITests.xctest */;
			productType = "com.apple.product-type.bundle.ui-testing";
		};
/* End PBXNativeTarget section */

/* Begin PBXProject section */
		D8044F6C20E52815009C861C /* Project object */ = {
			isa = PBXProject;
			attributes = {
				LastUpgradeCheck = 0940;
				ORGANIZATIONNAME = "郑楚根";
				TargetAttributes = {
					D8044F7320E52815009C861C = {
						CreatedOnToolsVersion = 9.4.1;
					};
					D8044F8E20E52818009C861C = {
						CreatedOnToolsVersion = 9.4.1;
						TestTargetID = D8044F7320E52815009C861C;
					};
					D8044F9920E52818009C861C = {
						CreatedOnToolsVersion = 9.4.1;
						TestTargetID = D8044F7320E52815009C861C;
					};
				};
			};
			buildConfigurationList = D8044F6F20E52815009C861C /* Build configuration list for PBXProject "RCB" */;
			compatibilityVersion = "Xcode 9.3";
			developmentRegion = en;
			hasScannedForEncodings = 0;
			knownRegions = (
				en,
				Base,
			);
			mainGroup = D8044F6B20E52815009C861C;
			productRefGroup = D8044F7520E52815009C861C /* Products */;
			projectDirPath = "";
			projectRoot = "";
			targets = (
				D8044F7320E52815009C861C /* RCB */,
				D8044F8E20E52818009C861C /* RCBTests */,
				D8044F9920E52818009C861C /* RCBUITests */,
			);
		};
/* End PBXProject section */

/* Begin PBXResourcesBuildPhase section */
		D8044F7220E52815009C861C /* Resources */ = {
			isa = PBXResourcesBuildPhase;
			buildActionMask = 2147483647;
			files = (
				D8044F8720E52818009C861C /* LaunchScreen.storyboard in Resources */,
				D8044F8420E52818009C861C /* Assets.xcassets in Resources */,
			);
			runOnlyForDeploymentPostprocessing = 0;
		};
		D8044F8D20E52818009C861C /* Resources */ = {
			isa = PBXResourcesBuildPhase;
			buildActionMask = 2147483647;
			files = (
			);
			runOnlyForDeploymentPostprocessing = 0;
		};
		D8044F9820E52818009C861C /* Resources */ = {
			isa = PBXResourcesBuildPhase;
			buildActionMask = 2147483647;
			files = (
			);
			runOnlyForDeploymentPostprocessing = 0;
		};
/* End PBXResourcesBuildPhase section */

/* Begin PBXShellScriptBuildPhase section */
		48F934283F9B8B7BDCFF377A /* [CP] Check Pods Manifest.lock */ = {
			isa = PBXShellScriptBuildPhase;
			buildActionMask = 2147483647;
			files = (
			);
			inputPaths = (
				"${PODS_PODFILE_DIR_PATH}/Podfile.lock",
				"${PODS_ROOT}/Manifest.lock",
			);
			name = "[CP] Check Pods Manifest.lock";
			outputPaths = (
				"$(DERIVED_FILE_DIR)/Pods-RCBUITests-checkManifestLockResult.txt",
			);
			runOnlyForDeploymentPostprocessing = 0;
			shellPath = /bin/sh;
			shellScript = "diff \"${PODS_PODFILE_DIR_PATH}/Podfile.lock\" \"${PODS_ROOT}/Manifest.lock\" > /dev/null\nif [ $? != 0 ] ; then\n    # print error to STDERR\n    echo \"error: The sandbox is not in sync with the Podfile.lock. Run 'pod install' or update your CocoaPods installation.\" >&2\n    exit 1\nfi\n# This output is used by Xcode 'outputs' to avoid re-running this script phase.\necho \"SUCCESS\" > \"${SCRIPT_OUTPUT_FILE_0}\"\n";
			showEnvVarsInLog = 0;
		};
		61FFABC167AB7286247660D7 /* [CP] Check Pods Manifest.lock */ = {
			isa = PBXShellScriptBuildPhase;
			buildActionMask = 2147483647;
			files = (
			);
			inputPaths = (
				"${PODS_PODFILE_DIR_PATH}/Podfile.lock",
				"${PODS_ROOT}/Manifest.lock",
			);
			name = "[CP] Check Pods Manifest.lock";
			outputPaths = (
				"$(DERIVED_FILE_DIR)/Pods-RCB-checkManifestLockResult.txt",
			);
			runOnlyForDeploymentPostprocessing = 0;
			shellPath = /bin/sh;
			shellScript = "diff \"${PODS_PODFILE_DIR_PATH}/Podfile.lock\" \"${PODS_ROOT}/Manifest.lock\" > /dev/null\nif [ $? != 0 ] ; then\n    # print error to STDERR\n    echo \"error: The sandbox is not in sync with the Podfile.lock. Run 'pod install' or update your CocoaPods installation.\" >&2\n    exit 1\nfi\n# This output is used by Xcode 'outputs' to avoid re-running this script phase.\necho \"SUCCESS\" > \"${SCRIPT_OUTPUT_FILE_0}\"\n";
			showEnvVarsInLog = 0;
		};
		AF92839FD601D9FE00D3C93D /* [CP] Check Pods Manifest.lock */ = {
			isa = PBXShellScriptBuildPhase;
			buildActionMask = 2147483647;
			files = (
			);
			inputPaths = (
				"${PODS_PODFILE_DIR_PATH}/Podfile.lock",
				"${PODS_ROOT}/Manifest.lock",
			);
			name = "[CP] Check Pods Manifest.lock";
			outputPaths = (
				"$(DERIVED_FILE_DIR)/Pods-RCBTests-checkManifestLockResult.txt",
			);
			runOnlyForDeploymentPostprocessing = 0;
			shellPath = /bin/sh;
			shellScript = "diff \"${PODS_PODFILE_DIR_PATH}/Podfile.lock\" \"${PODS_ROOT}/Manifest.lock\" > /dev/null\nif [ $? != 0 ] ; then\n    # print error to STDERR\n    echo \"error: The sandbox is not in sync with the Podfile.lock. Run 'pod install' or update your CocoaPods installation.\" >&2\n    exit 1\nfi\n# This output is used by Xcode 'outputs' to avoid re-running this script phase.\necho \"SUCCESS\" > \"${SCRIPT_OUTPUT_FILE_0}\"\n";
			showEnvVarsInLog = 0;
		};
		FA4DECE0CFC37B6B8D1F90FF /* [CP] Embed Pods Frameworks */ = {
			isa = PBXShellScriptBuildPhase;
			buildActionMask = 2147483647;
			files = (
			);
			inputPaths = (
				"${SRCROOT}/Pods/Target Support Files/Pods-RCB/Pods-RCB-frameworks.sh",
				"${BUILT_PRODUCTS_DIR}/AFNetworking/AFNetworking.framework",
				"${BUILT_PRODUCTS_DIR}/IQKeyboardManager/IQKeyboardManager.framework",
				"${BUILT_PRODUCTS_DIR}/MJExtension/MJExtension.framework",
				"${BUILT_PRODUCTS_DIR}/MJRefresh/MJRefresh.framework",
				"${BUILT_PRODUCTS_DIR}/PGDatePicker/PGDatePicker.framework",
				"${BUILT_PRODUCTS_DIR}/PGPickerView/PGPickerView.framework",
				"${BUILT_PRODUCTS_DIR}/SDWebImage/SDWebImage.framework",
				"${BUILT_PRODUCTS_DIR}/SVProgressHUD/SVProgressHUD.framework",
				"${BUILT_PRODUCTS_DIR}/TZImagePickerController/TZImagePickerController.framework",
			);
			name = "[CP] Embed Pods Frameworks";
			outputPaths = (
				"${TARGET_BUILD_DIR}/${FRAMEWORKS_FOLDER_PATH}/AFNetworking.framework",
				"${TARGET_BUILD_DIR}/${FRAMEWORKS_FOLDER_PATH}/IQKeyboardManager.framework",
				"${TARGET_BUILD_DIR}/${FRAMEWORKS_FOLDER_PATH}/MJExtension.framework",
				"${TARGET_BUILD_DIR}/${FRAMEWORKS_FOLDER_PATH}/MJRefresh.framework",
				"${TARGET_BUILD_DIR}/${FRAMEWORKS_FOLDER_PATH}/PGDatePicker.framework",
				"${TARGET_BUILD_DIR}/${FRAMEWORKS_FOLDER_PATH}/PGPickerView.framework",
				"${TARGET_BUILD_DIR}/${FRAMEWORKS_FOLDER_PATH}/SDWebImage.framework",
				"${TARGET_BUILD_DIR}/${FRAMEWORKS_FOLDER_PATH}/SVProgressHUD.framework",
				"${TARGET_BUILD_DIR}/${FRAMEWORKS_FOLDER_PATH}/TZImagePickerController.framework",
			);
			runOnlyForDeploymentPostprocessing = 0;
			shellPath = /bin/sh;
			shellScript = "\"${SRCROOT}/Pods/Target Support Files/Pods-RCB/Pods-RCB-frameworks.sh\"\n";
			showEnvVarsInLog = 0;
		};
/* End PBXShellScriptBuildPhase section */

/* Begin PBXSourcesBuildPhase section */
		D8044F7020E52815009C861C /* Sources */ = {
			isa = PBXSourcesBuildPhase;
			buildActionMask = 2147483647;
			files = (
				D8044F7920E52815009C861C /* AppDelegate.m in Sources */,
				D8044F8A20E52818009C861C /* main.m in Sources */,
			);
			runOnlyForDeploymentPostprocessing = 0;
		};
		D8044F8B20E52818009C861C /* Sources */ = {
			isa = PBXSourcesBuildPhase;
			buildActionMask = 2147483647;
			files = (
				D8044F9420E52818009C861C /* RCBTests.m in Sources */,
			);
			runOnlyForDeploymentPostprocessing = 0;
		};
		D8044F9620E52818009C861C /* Sources */ = {
			isa = PBXSourcesBuildPhase;
			buildActionMask = 2147483647;
			files = (
				D8044F9F20E52818009C861C /* RCBUITests.m in Sources */,
			);
			runOnlyForDeploymentPostprocessing = 0;
		};
/* End PBXSourcesBuildPhase section */

/* Begin PBXTargetDependency section */
		D8044F9120E52818009C861C /* PBXTargetDependency */ = {
			isa = PBXTargetDependency;
			target = D8044F7320E52815009C861C /* RCB */;
			targetProxy = D8044F9020E52818009C861C /* PBXContainerItemProxy */;
		};
		D8044F9C20E52818009C861C /* PBXTargetDependency */ = {
			isa = PBXTargetDependency;
			target = D8044F7320E52815009C861C /* RCB */;
			targetProxy = D8044F9B20E52818009C861C /* PBXContainerItemProxy */;
		};
/* End PBXTargetDependency section */

/* Begin PBXVariantGroup section */
		D8044F8520E52818009C861C /* LaunchScreen.storyboard */ = {
			isa = PBXVariantGroup;
			children = (
				D8044F8620E52818009C861C /* Base */,
			);
			name = LaunchScreen.storyboard;
			sourceTree = "<group>";
		};
/* End PBXVariantGroup section */

/* Begin XCBuildConfiguration section */
		D8044FA120E52818009C861C /* Debug */ = {
			isa = XCBuildConfiguration;
			buildSettings = {
				ALWAYS_SEARCH_USER_PATHS = NO;
				CLANG_ANALYZER_NONNULL = YES;
				CLANG_ANALYZER_NUMBER_OBJECT_CONVERSION = YES_AGGRESSIVE;
				CLANG_CXX_LANGUAGE_STANDARD = "gnu++14";
				CLANG_CXX_LIBRARY = "libc++";
				CLANG_ENABLE_MODULES = YES;
				CLANG_ENABLE_OBJC_ARC = YES;
				CLANG_ENABLE_OBJC_WEAK = YES;
				CLANG_WARN_BLOCK_CAPTURE_AUTORELEASING = YES;
				CLANG_WARN_BOOL_CONVERSION = YES;
				CLANG_WARN_COMMA = YES;
				CLANG_WARN_CONSTANT_CONVERSION = YES;
				CLANG_WARN_DEPRECATED_OBJC_IMPLEMENTATIONS = YES;
				CLANG_WARN_DIRECT_OBJC_ISA_USAGE = YES_ERROR;
				CLANG_WARN_DOCUMENTATION_COMMENTS = YES;
				CLANG_WARN_EMPTY_BODY = YES;
				CLANG_WARN_ENUM_CONVERSION = YES;
				CLANG_WARN_INFINITE_RECURSION = YES;
				CLANG_WARN_INT_CONVERSION = YES;
				CLANG_WARN_NON_LITERAL_NULL_CONVERSION = YES;
				CLANG_WARN_OBJC_IMPLICIT_RETAIN_SELF = YES;
				CLANG_WARN_OBJC_LITERAL_CONVERSION = YES;
				CLANG_WARN_OBJC_ROOT_CLASS = YES_ERROR;
				CLANG_WARN_RANGE_LOOP_ANALYSIS = YES;
				CLANG_WARN_STRICT_PROTOTYPES = YES;
				CLANG_WARN_SUSPICIOUS_MOVE = YES;
				CLANG_WARN_UNGUARDED_AVAILABILITY = YES_AGGRESSIVE;
				CLANG_WARN_UNREACHABLE_CODE = YES;
				CLANG_WARN__DUPLICATE_METHOD_MATCH = YES;
				CODE_SIGN_IDENTITY = "iPhone Developer";
				COPY_PHASE_STRIP = NO;
				DEBUG_INFORMATION_FORMAT = dwarf;
				ENABLE_STRICT_OBJC_MSGSEND = YES;
				ENABLE_TESTABILITY = YES;
				GCC_C_LANGUAGE_STANDARD = gnu11;
				GCC_DYNAMIC_NO_PIC = NO;
				GCC_NO_COMMON_BLOCKS = YES;
				GCC_OPTIMIZATION_LEVEL = 0;
				GCC_PREPROCESSOR_DEFINITIONS = (
					"DEBUG=1",
					"$(inherited)",
				);
				GCC_WARN_64_TO_32_BIT_CONVERSION = YES;
				GCC_WARN_ABOUT_RETURN_TYPE = YES_ERROR;
				GCC_WARN_UNDECLARED_SELECTOR = YES;
				GCC_WARN_UNINITIALIZED_AUTOS = YES_AGGRESSIVE;
				GCC_WARN_UNUSED_FUNCTION = YES;
				GCC_WARN_UNUSED_VARIABLE = YES;
				IPHONEOS_DEPLOYMENT_TARGET = 9.0;
				MTL_ENABLE_DEBUG_INFO = YES;
				ONLY_ACTIVE_ARCH = YES;
				SDKROOT = iphoneos;
			};
			name = Debug;
		};
		D8044FA220E52818009C861C /* Release */ = {
			isa = XCBuildConfiguration;
			buildSettings = {
				ALWAYS_SEARCH_USER_PATHS = NO;
				CLANG_ANALYZER_NONNULL = YES;
				CLANG_ANALYZER_NUMBER_OBJECT_CONVERSION = YES_AGGRESSIVE;
				CLANG_CXX_LANGUAGE_STANDARD = "gnu++14";
				CLANG_CXX_LIBRARY = "libc++";
				CLANG_ENABLE_MODULES = YES;
				CLANG_ENABLE_OBJC_ARC = YES;
				CLANG_ENABLE_OBJC_WEAK = YES;
				CLANG_WARN_BLOCK_CAPTURE_AUTORELEASING = YES;
				CLANG_WARN_BOOL_CONVERSION = YES;
				CLANG_WARN_COMMA = YES;
				CLANG_WARN_CONSTANT_CONVERSION = YES;
				CLANG_WARN_DEPRECATED_OBJC_IMPLEMENTATIONS = YES;
				CLANG_WARN_DIRECT_OBJC_ISA_USAGE = YES_ERROR;
				CLANG_WARN_DOCUMENTATION_COMMENTS = YES;
				CLANG_WARN_EMPTY_BODY = YES;
				CLANG_WARN_ENUM_CONVERSION = YES;
				CLANG_WARN_INFINITE_RECURSION = YES;
				CLANG_WARN_INT_CONVERSION = YES;
				CLANG_WARN_NON_LITERAL_NULL_CONVERSION = YES;
				CLANG_WARN_OBJC_IMPLICIT_RETAIN_SELF = YES;
				CLANG_WARN_OBJC_LITERAL_CONVERSION = YES;
				CLANG_WARN_OBJC_ROOT_CLASS = YES_ERROR;
				CLANG_WARN_RANGE_LOOP_ANALYSIS = YES;
				CLANG_WARN_STRICT_PROTOTYPES = YES;
				CLANG_WARN_SUSPICIOUS_MOVE = YES;
				CLANG_WARN_UNGUARDED_AVAILABILITY = YES_AGGRESSIVE;
				CLANG_WARN_UNREACHABLE_CODE = YES;
				CLANG_WARN__DUPLICATE_METHOD_MATCH = YES;
				CODE_SIGN_IDENTITY = "iPhone Developer";
				COPY_PHASE_STRIP = NO;
				DEBUG_INFORMATION_FORMAT = "dwarf-with-dsym";
				ENABLE_NS_ASSERTIONS = NO;
				ENABLE_STRICT_OBJC_MSGSEND = YES;
				GCC_C_LANGUAGE_STANDARD = gnu11;
				GCC_NO_COMMON_BLOCKS = YES;
				GCC_WARN_64_TO_32_BIT_CONVERSION = YES;
				GCC_WARN_ABOUT_RETURN_TYPE = YES_ERROR;
				GCC_WARN_UNDECLARED_SELECTOR = YES;
				GCC_WARN_UNINITIALIZED_AUTOS = YES_AGGRESSIVE;
				GCC_WARN_UNUSED_FUNCTION = YES;
				GCC_WARN_UNUSED_VARIABLE = YES;
				IPHONEOS_DEPLOYMENT_TARGET = 9.0;
				MTL_ENABLE_DEBUG_INFO = NO;
				SDKROOT = iphoneos;
				VALIDATE_PRODUCT = YES;
			};
			name = Release;
		};
		D8044FA420E52818009C861C /* Debug */ = {
			isa = XCBuildConfiguration;
			baseConfigurationReference = 4BF7EC9B95A2CDEB7B2EEDCB /* Pods-RCB.debug.xcconfig */;
			buildSettings = {
				ASSETCATALOG_COMPILER_APPICON_NAME = AppIcon;
				CODE_SIGN_STYLE = Automatic;
				DEVELOPMENT_TEAM = 3GUM6YGXBM;
				INFOPLIST_FILE = RCB/Info.plist;
				IPHONEOS_DEPLOYMENT_TARGET = 9.0;
				LD_RUNPATH_SEARCH_PATHS = (
					"$(inherited)",
					"@executable_path/Frameworks",
				);
				PRODUCT_BUNDLE_IDENTIFIER = com.RCB.RCB;
				PRODUCT_NAME = "$(TARGET_NAME)";
				TARGETED_DEVICE_FAMILY = "1,2";
			};
			name = Debug;
		};
		D8044FA520E52818009C861C /* Release */ = {
			isa = XCBuildConfiguration;
			baseConfigurationReference = 386687F897A9730EE45FD055 /* Pods-RCB.release.xcconfig */;
			buildSettings = {
				ASSETCATALOG_COMPILER_APPICON_NAME = AppIcon;
				CODE_SIGN_STYLE = Automatic;
				DEVELOPMENT_TEAM = 3GUM6YGXBM;
				INFOPLIST_FILE = RCB/Info.plist;
				IPHONEOS_DEPLOYMENT_TARGET = 9.0;
				LD_RUNPATH_SEARCH_PATHS = (
					"$(inherited)",
					"@executable_path/Frameworks",
				);
				PRODUCT_BUNDLE_IDENTIFIER = com.RCB.RCB;
				PRODUCT_NAME = "$(TARGET_NAME)";
				TARGETED_DEVICE_FAMILY = "1,2";
			};
			name = Release;
		};
		D8044FA720E52818009C861C /* Debug */ = {
			isa = XCBuildConfiguration;
			baseConfigurationReference = 890C1D9BD0C2F5D209C7C55B /* Pods-RCBTests.debug.xcconfig */;
			buildSettings = {
				BUNDLE_LOADER = "$(TEST_HOST)";
				CODE_SIGN_STYLE = Automatic;
				DEVELOPMENT_TEAM = 3GUM6YGXBM;
				INFOPLIST_FILE = RCBTests/Info.plist;
				LD_RUNPATH_SEARCH_PATHS = (
					"$(inherited)",
					"@executable_path/Frameworks",
					"@loader_path/Frameworks",
				);
				PRODUCT_BUNDLE_IDENTIFIER = com.RCB.RCBTests;
				PRODUCT_NAME = "$(TARGET_NAME)";
				TARGETED_DEVICE_FAMILY = "1,2";
				TEST_HOST = "$(BUILT_PRODUCTS_DIR)/RCB.app/RCB";
			};
			name = Debug;
		};
		D8044FA820E52818009C861C /* Release */ = {
			isa = XCBuildConfiguration;
			baseConfigurationReference = DEBA68319607F564F6B52BC5 /* Pods-RCBTests.release.xcconfig */;
			buildSettings = {
				BUNDLE_LOADER = "$(TEST_HOST)";
				CODE_SIGN_STYLE = Automatic;
				DEVELOPMENT_TEAM = 3GUM6YGXBM;
				INFOPLIST_FILE = RCBTests/Info.plist;
				LD_RUNPATH_SEARCH_PATHS = (
					"$(inherited)",
					"@executable_path/Frameworks",
					"@loader_path/Frameworks",
				);
				PRODUCT_BUNDLE_IDENTIFIER = com.RCB.RCBTests;
				PRODUCT_NAME = "$(TARGET_NAME)";
				TARGETED_DEVICE_FAMILY = "1,2";
				TEST_HOST = "$(BUILT_PRODUCTS_DIR)/RCB.app/RCB";
			};
			name = Release;
		};
		D8044FAA20E52818009C861C /* Debug */ = {
			isa = XCBuildConfiguration;
			baseConfigurationReference = B7064C9A9F5AB441567B54CF /* Pods-RCBUITests.debug.xcconfig */;
			buildSettings = {
				CODE_SIGN_STYLE = Automatic;
				DEVELOPMENT_TEAM = 3GUM6YGXBM;
				INFOPLIST_FILE = RCBUITests/Info.plist;
				LD_RUNPATH_SEARCH_PATHS = (
					"$(inherited)",
					"@executable_path/Frameworks",
					"@loader_path/Frameworks",
				);
				PRODUCT_BUNDLE_IDENTIFIER = com.RCB.RCBUITests;
				PRODUCT_NAME = "$(TARGET_NAME)";
				TARGETED_DEVICE_FAMILY = "1,2";
				TEST_TARGET_NAME = RCB;
			};
			name = Debug;
		};
		D8044FAB20E52818009C861C /* Release */ = {
			isa = XCBuildConfiguration;
			baseConfigurationReference = 8FA659B7425B5F179EFF01AB /* Pods-RCBUITests.release.xcconfig */;
			buildSettings = {
				CODE_SIGN_STYLE = Automatic;
				DEVELOPMENT_TEAM = 3GUM6YGXBM;
				INFOPLIST_FILE = RCBUITests/Info.plist;
				LD_RUNPATH_SEARCH_PATHS = (
					"$(inherited)",
					"@executable_path/Frameworks",
					"@loader_path/Frameworks",
				);
				PRODUCT_BUNDLE_IDENTIFIER = com.RCB.RCBUITests;
				PRODUCT_NAME = "$(TARGET_NAME)";
				TARGETED_DEVICE_FAMILY = "1,2";
				TEST_TARGET_NAME = RCB;
			};
			name = Release;
		};
/* End XCBuildConfiguration section */

/* Begin XCConfigurationList section */
		D8044F6F20E52815009C861C /* Build configuration list for PBXProject "RCB" */ = {
			isa = XCConfigurationList;
			buildConfigurations = (
				D8044FA120E52818009C861C /* Debug */,
				D8044FA220E52818009C861C /* Release */,
			);
			defaultConfigurationIsVisible = 0;
			defaultConfigurationName = Release;
		};
		D8044FA320E52818009C861C /* Build configuration list for PBXNativeTarget "RCB" */ = {
			isa = XCConfigurationList;
			buildConfigurations = (
				D8044FA420E52818009C861C /* Debug */,
				D8044FA520E52818009C861C /* Release */,
			);
			defaultConfigurationIsVisible = 0;
			defaultConfigurationName = Release;
		};
		D8044FA620E52818009C861C /* Build configuration list for PBXNativeTarget "RCBTests" */ = {
			isa = XCConfigurationList;
			buildConfigurations = (
				D8044FA720E52818009C861C /* Debug */,
				D8044FA820E52818009C861C /* Release */,
			);
			defaultConfigurationIsVisible = 0;
			defaultConfigurationName = Release;
		};
		D8044FA920E52818009C861C /* Build configuration list for PBXNativeTarget "RCBUITests" */ = {
			isa = XCConfigurationList;
			buildConfigurations = (
				D8044FAA20E52818009C861C /* Debug */,
				D8044FAB20E52818009C861C /* Release */,
			);
			defaultConfigurationIsVisible = 0;
			defaultConfigurationName = Release;
		};
/* End XCConfigurationList section */
	};
	rootObject = D8044F6C20E52815009C861C /* Project object */;
}
